<?xml version="1.0" encoding="UTF-8"?>
<Scheme
   LastUpgradeVersion="1620"
   version="1.7">
   <BuildAction
      parallelizeBuildables="YES"
      buildImplicitDependencies="YES">
      <BuildActionEntries>
         <BuildActionEntry
            buildForTesting="YES"
            buildForRunning="YES"
            buildForProfiling="YES"
            buildForArchiving="YES"
            buildForAnalyzing="YES">
            <BuildableReference
               BuildableIdentifier="primary"
               BlueprintIdentifier="B6F0A2CCD4E5F60718293A75"
               BuildableName="LaikaUITests.xctest"
               BlueprintName="LaikaUITests"
               ReferencedContainer="container:Laika.xcodeproj">
            </BuildableReference>
         </BuildActionEntry>
      </BuildActionEntries>
   </BuildAction>
   <TestAction
      buildConfiguration="Debug"
      selectedDebuggerIdentifier="Xcode.DebuggerFoundation.Debugger.LLDB"
      selectedLauncherIdentifier="Xcode.DebuggerFoundation.Launcher.LLDB"
      shouldUseLaunchSchemeArgsEnv="YES">
      <Testables>
         <TestableReference
            skipped="NO">
            <BuildableReference
               BuildableIdentifier="primary"
               BlueprintIdentifier="B6F0A2CCD4E5F60718293A75"
               BuildableName="LaikaUITests.xctest"
               BlueprintName="LaikaUITests"
               ReferencedContainer="container:Laika.xcodeproj">
            </BuildableReference>
         </TestableReference>
      </Testables>
      <MacroExpansion>
         <BuildableReference
            BuildableIdentifier="primary"
            BlueprintIdentifier="B6F0A2CCD4E5F60718293A75"
            BuildableName="LaikaUITests.xctest"
            BlueprintName="LaikaUITests"
            ReferencedContainer="container:Laika.xcodeproj">
         </BuildableReference>
      </MacroExpansion>
   </TestAction>
   <LaunchAction
      buildConfiguration="Debug"
      selectedDebuggerIdentifier="Xcode.DebuggerFoundation.Debugger.LLDB"
      selectedLauncherIdentifier="Xcode.DebuggerFoundation.Launcher.LLDB"
      launchStyle="0"
      useCustomWorkingDirectory="NO"
      ignoresPersistentStateOnLaunch="NO"
      debugDocumentVersioning="YES"
      debugServiceExtension="internal"
      allowLocationSimulation="YES">
      <BuildableProductRunnable
         runnableDebuggingMode="0">
         <BuildableReference
            BuildableIdentifier="primary"
            BlueprintIdentifier="6285AF7E2F1AFB45004C2F8B"
            BuildableName="Laika.app"
            BlueprintName="Laika"
            ReferencedContainer="container:Laika.xcodeproj">
         </BuildableReference>
      </BuildableProductRunnable>
   </LaunchAction>
   <ProfileAction
      buildConfiguration="Release"
      shouldUseLaunchSchemeArgsEnv="YES"
      savedToolIdentifier=""
      useCustomWorkingDirectory="NO"
      debugDocumentVersioning="YES">
      <BuildableProductRunnable
         runnableDebuggingMode="0">
         <BuildableReference
            BuildableIdentifier="primary"
            BlueprintIdentifier="6285AF7E2F1AFB45004C2F8B"
            BuildableName="Laika.app"
            BlueprintName="Laika"
            ReferencedContainer="container:Laika.xcodeproj">
         </BuildableReference>
      </BuildableProductRunnable>
   </ProfileAction>
   <AnalyzeAction
      buildConfiguration="Debug">
   </AnalyzeAction>
   <ArchiveAction
      buildConfiguration="Release"
      revealArchiveInOrganizer="YES">
   </ArchiveAction>
</Scheme>
